
Microsoft Visual Studio Solution File, Format Version 12.00
Project("{FAE04EC0-301F-11D3-BF4B-00C04F79EFBC}") = "COM3D2.JustAnotherTranslator.Plugin", "COM3D2.JustAnotherTranslator.Plugin\COM3D2.JustAnotherTranslator.Plugin.csproj", "{2E21ADEE-2371-4A3C-B3BD-0E11C09C2079}"
EndProject
Global
	GlobalSection(SolutionConfigurationPlatforms) = preSolution
		COM3D2-Debug|Any CPU = COM3D2-Debug|Any CPU
		COM3D2-Release|Any CPU = COM3D2-Release|Any CPU
		COM3D25_UNITY_2022-Debug|Any CPU = COM3D25_UNITY_2022-Debug|Any CPU
		COM3D25_UNITY_2022-Release|Any CPU = COM3D25_UNITY_2022-Release|Any CPU
	EndGlobalSection
	GlobalSection(ProjectConfigurationPlatforms) = postSolution
		{2E21ADEE-2371-4A3C-B3BD-0E11C09C2079}.COM3D2-Debug|Any CPU.ActiveCfg = COM3D2-Debug|Any CPU
		{2E21ADEE-2371-4A3C-B3BD-0E11C09C2079}.COM3D2-Debug|Any CPU.Build.0 = COM3D2-Debug|Any CPU
		{2E21ADEE-2371-4A3C-B3BD-0E11C09C2079}.COM3D2-Release|Any CPU.ActiveCfg = COM3D2-Release|Any CPU
		{2E21ADEE-2371-4A3C-B3BD-0E11C09C2079}.COM3D2-Release|Any CPU.Build.0 = COM3D2-Release|Any CPU
		{2E21ADEE-2371-4A3C-B3BD-0E11C09C2079}.COM3D25_UNITY_2022-Debug|Any CPU.ActiveCfg = COM3D25_UNITY_2022-Debug|Any CPU
		{2E21ADEE-2371-4A3C-B3BD-0E11C09C2079}.COM3D25_UNITY_2022-Debug|Any CPU.Build.0 = COM3D25_UNITY_2022-Debug|Any CPU
		{2E21ADEE-2371-4A3C-B3BD-0E11C09C2079}.COM3D25_UNITY_2022-Release|Any CPU.ActiveCfg = COM3D25_UNITY_2022-Release|Any CPU
		{2E21ADEE-2371-4A3C-B3BD-0E11C09C2079}.COM3D25_UNITY_2022-Release|Any CPU.Build.0 = COM3D25_UNITY_2022-Release|Any CPU
	EndGlobalSection
EndGlobal
